
Microsoft Visual Studio Solution File, Format Version 10.00
# Visual Studio 2008
Project("{FAE04EC0-301F-11D3-BF4B-00C04F79EFBC}") = "IGK.DrSStudio.Drawing2D.PageManagerAddIn", "IGK.DrSStudio.Drawing2D.PageManagerAddIn.csproj", "{37BE7FFC-1C04-4E68-B7F2-085B41639829}"
EndProject
Global
	GlobalSection(SolutionConfigurationPlatforms) = preSolution
		Debug|Any CPU = Debug|Any CPU
		Release|Any CPU = Release|Any CPU
	EndGlobalSection
	GlobalSection(ProjectConfigurationPlatforms) = postSolution
		{37BE7FFC-1C04-4E68-B7F2-085B41639829}.Debug|Any CPU.ActiveCfg = Debug|Any CPU
		{37BE7FFC-1C04-4E68-B7F2-085B41639829}.Debug|Any CPU.Build.0 = Debug|Any CPU
		{37BE7FFC-1C04-4E68-B7F2-085B41639829}.Release|Any CPU.ActiveCfg = Release|Any CPU
		{37BE7FFC-1C04-4E68-B7F2-085B41639829}.Release|Any CPU.Build.0 = Release|Any CPU
	EndGlobalSection
	GlobalSection(SolutionProperties) = preSolution
		HideSolutionNode = FALSE
	EndGlobalSection
EndGlobal
