
Microsoft Visual Studio Solution File, Format Version 11.00
# Visual C# Express 2010
Project("{FAE04EC0-301F-11D3-BF4B-00C04F79EFBC}") = "IGK.GLLibUnix", "IGK.GLLibUnix.csproj", "{ADB81747-5B27-4BC3-BDDF-B5492D3568F6}"
EndProject
Global
	GlobalSection(SolutionConfigurationPlatforms) = preSolution
		Debug|Any CPU = Debug|Any CPU
		Release|Any CPU = Release|Any CPU
	EndGlobalSection
	GlobalSection(ProjectConfigurationPlatforms) = postSolution
		{ADB81747-5B27-4BC3-BDDF-B5492D3568F6}.Debug|Any CPU.ActiveCfg = Debug|Any CPU
		{ADB81747-5B27-4BC3-BDDF-B5492D3568F6}.Debug|Any CPU.Build.0 = Debug|Any CPU
		{ADB81747-5B27-4BC3-BDDF-B5492D3568F6}.Release|Any CPU.ActiveCfg = Release|Any CPU
		{ADB81747-5B27-4BC3-BDDF-B5492D3568F6}.Release|Any CPU.Build.0 = Release|Any CPU
	EndGlobalSection
	GlobalSection(SolutionProperties) = preSolution
		HideSolutionNode = FALSE
	EndGlobalSection
EndGlobal
