
Microsoft Visual Studio Solution File, Format Version 12.00
# Visual Studio 15
VisualStudioVersion = 15.0.27428.2037
MinimumVisualStudioVersion = 10.0.40219.1
Project("{FAE04EC0-301F-11D3-BF4B-00C04F79EFBC}") = "drsTestStartApp", "drsTestStartApp.csproj", "{021E591C-11C4-4EF4-B140-0213F1AE29CF}"
EndProject
Global
	GlobalSection(SolutionConfigurationPlatforms) = preSolution
		Debug|Any CPU = Debug|Any CPU
		Release|Any CPU = Release|Any CPU
	EndGlobalSection
	GlobalSection(ProjectConfigurationPlatforms) = postSolution
		{021E591C-11C4-4EF4-B140-0213F1AE29CF}.Debug|Any CPU.ActiveCfg = Debug|Any CPU
		{021E591C-11C4-4EF4-B140-0213F1AE29CF}.Debug|Any CPU.Build.0 = Debug|Any CPU
		{021E591C-11C4-4EF4-B140-0213F1AE29CF}.Release|Any CPU.ActiveCfg = Release|Any CPU
		{021E591C-11C4-4EF4-B140-0213F1AE29CF}.Release|Any CPU.Build.0 = Release|Any CPU
	EndGlobalSection
	GlobalSection(SolutionProperties) = preSolution
		HideSolutionNode = FALSE
	EndGlobalSection
	GlobalSection(ExtensibilityGlobals) = postSolution
		SolutionGuid = {D0E32039-BDF7-4D0E-B463-2DF7659478E5}
	EndGlobalSection
EndGlobal
