
Microsoft Visual Studio Solution File, Format Version 12.00
# Visual Studio Express 2012 for Windows Desktop
Project("{FAE04EC0-301F-11D3-BF4B-00C04F79EFBC}") = "IGK.DrSStudio.PreviewHandlerAddIn", "IGK.DrSStudio.PreviewHandlerAddIn.csproj", "{B7D5D971-7854-488E-90B7-C62956700E39}"
EndProject
Project("{FAE04EC0-301F-11D3-BF4B-00C04F79EFBC}") = "IGK.DrSStudio.PicturePreviewHandler", "..\..\PreviewHandler\IGK.DrSStudio.PicturePreviewHandler\IGK.DrSStudio.PicturePreviewHandler.csproj", "{E90B24A4-EB6B-4601-8D0B-75DB5FC7556D}"
EndProject
Project("{FAE04EC0-301F-11D3-BF4B-00C04F79EFBC}") = "IGK.DrSStudio.PictureHandlerService", "..\..\PreviewHandler\IGK.DrSStudio.PictureHandlerService\IGK.DrSStudio.PictureHandlerService.csproj", "{DD4BE2EC-EDFC-4B65-AFCF-5AA5938DAB6D}"
EndProject
Project("{FAE04EC0-301F-11D3-BF4B-00C04F79EFBC}") = "IGK.PreviewHandlerLib", "..\..\IGK.PreviewerSolution\IGK.PreviewHandlerSolutions\IGK.PreviewHandlerLib.csproj", "{DE1C0645-8BAE-4B40-9FD9-BD9CF34F421A}"
EndProject
Global
	GlobalSection(SolutionConfigurationPlatforms) = preSolution
		Debug|Any CPU = Debug|Any CPU
		Debug|x86 = Debug|x86
		Release|Any CPU = Release|Any CPU
		Release|x86 = Release|x86
	EndGlobalSection
	GlobalSection(ProjectConfigurationPlatforms) = postSolution
		{B7D5D971-7854-488E-90B7-C62956700E39}.Debug|Any CPU.ActiveCfg = Debug|Any CPU
		{B7D5D971-7854-488E-90B7-C62956700E39}.Debug|Any CPU.Build.0 = Debug|Any CPU
		{B7D5D971-7854-488E-90B7-C62956700E39}.Debug|x86.ActiveCfg = Debug|Any CPU
		{B7D5D971-7854-488E-90B7-C62956700E39}.Release|Any CPU.ActiveCfg = Release|Any CPU
		{B7D5D971-7854-488E-90B7-C62956700E39}.Release|Any CPU.Build.0 = Release|Any CPU
		{B7D5D971-7854-488E-90B7-C62956700E39}.Release|x86.ActiveCfg = Release|Any CPU
		{E90B24A4-EB6B-4601-8D0B-75DB5FC7556D}.Debug|Any CPU.ActiveCfg = Debug|Any CPU
		{E90B24A4-EB6B-4601-8D0B-75DB5FC7556D}.Debug|Any CPU.Build.0 = Debug|Any CPU
		{E90B24A4-EB6B-4601-8D0B-75DB5FC7556D}.Debug|x86.ActiveCfg = Debug|x86
		{E90B24A4-EB6B-4601-8D0B-75DB5FC7556D}.Debug|x86.Build.0 = Debug|x86
		{E90B24A4-EB6B-4601-8D0B-75DB5FC7556D}.Release|Any CPU.ActiveCfg = Release|Any CPU
		{E90B24A4-EB6B-4601-8D0B-75DB5FC7556D}.Release|Any CPU.Build.0 = Release|Any CPU
		{E90B24A4-EB6B-4601-8D0B-75DB5FC7556D}.Release|x86.ActiveCfg = Release|x86
		{E90B24A4-EB6B-4601-8D0B-75DB5FC7556D}.Release|x86.Build.0 = Release|x86
		{DD4BE2EC-EDFC-4B65-AFCF-5AA5938DAB6D}.Debug|Any CPU.ActiveCfg = Debug|Any CPU
		{DD4BE2EC-EDFC-4B65-AFCF-5AA5938DAB6D}.Debug|Any CPU.Build.0 = Debug|Any CPU
		{DD4BE2EC-EDFC-4B65-AFCF-5AA5938DAB6D}.Debug|x86.ActiveCfg = Debug|x86
		{DD4BE2EC-EDFC-4B65-AFCF-5AA5938DAB6D}.Debug|x86.Build.0 = Debug|x86
		{DD4BE2EC-EDFC-4B65-AFCF-5AA5938DAB6D}.Release|Any CPU.ActiveCfg = Release|Any CPU
		{DD4BE2EC-EDFC-4B65-AFCF-5AA5938DAB6D}.Release|Any CPU.Build.0 = Release|Any CPU
		{DD4BE2EC-EDFC-4B65-AFCF-5AA5938DAB6D}.Release|x86.ActiveCfg = Release|x86
		{DD4BE2EC-EDFC-4B65-AFCF-5AA5938DAB6D}.Release|x86.Build.0 = Release|x86
		{DE1C0645-8BAE-4B40-9FD9-BD9CF34F421A}.Debug|Any CPU.ActiveCfg = Debug|Any CPU
		{DE1C0645-8BAE-4B40-9FD9-BD9CF34F421A}.Debug|Any CPU.Build.0 = Debug|Any CPU
		{DE1C0645-8BAE-4B40-9FD9-BD9CF34F421A}.Debug|x86.ActiveCfg = Debug|x86
		{DE1C0645-8BAE-4B40-9FD9-BD9CF34F421A}.Debug|x86.Build.0 = Debug|x86
		{DE1C0645-8BAE-4B40-9FD9-BD9CF34F421A}.Release|Any CPU.ActiveCfg = Release|Any CPU
		{DE1C0645-8BAE-4B40-9FD9-BD9CF34F421A}.Release|Any CPU.Build.0 = Release|Any CPU
		{DE1C0645-8BAE-4B40-9FD9-BD9CF34F421A}.Release|x86.ActiveCfg = Release|x86
		{DE1C0645-8BAE-4B40-9FD9-BD9CF34F421A}.Release|x86.Build.0 = Release|x86
	EndGlobalSection
	GlobalSection(SolutionProperties) = preSolution
		HideSolutionNode = FALSE
	EndGlobalSection
EndGlobal
