
Microsoft Visual Studio Solution File, Format Version 12.00
# Visual Studio Express 2012 for Windows Desktop
Project("{2150E333-8FDC-42A3-9474-1A3956D46DE8}") = "src", "src", "{3AB20F0B-E772-406D-AA0E-4DC10B9D5E98}"
EndProject
Project("{2150E333-8FDC-42A3-9474-1A3956D46DE8}") = "addins", "addins", "{387F2EEB-426C-4925-8780-498263BB05FE}"
EndProject
Project("{2150E333-8FDC-42A3-9474-1A3956D46DE8}") = "Drawing2d", "Drawing2d", "{4E691607-1DB3-4636-AA5B-576CD6232736}"
EndProject
Project("{2150E333-8FDC-42A3-9474-1A3956D46DE8}") = "Drawing3d", "Drawing3d", "{83EACE44-16E3-405D-B8CD-540F5CA94257}"
EndProject
Project("{2150E333-8FDC-42A3-9474-1A3956D46DE8}") = "Web", "Web", "{605F81C6-7213-4A2C-B4AA-35E5EC66C1B6}"
EndProject
Project("{2150E333-8FDC-42A3-9474-1A3956D46DE8}") = "Apps", "Apps", "{EC5B78E9-82A4-41C8-92BA-C7CBC38EF78B}"
EndProject
Project("{FAE04EC0-301F-11D3-BF4B-00C04F79EFBC}") = "IGK.DrSStudio.ICore", "IGK.DrSStudio.ICore\IGK.DrSStudio.ICore.csproj", "{95E437A5-4A87-4FAB-B15F-4A0FDE8B7DCF}"
EndProject
Project("{FAE04EC0-301F-11D3-BF4B-00C04F79EFBC}") = "IGK.DrSStudio.Drawing2D", "IGK.DrSStudio.Drawing2D\IGK.DrSStudio.Drawing2D.csproj", "{147A4065-EF03-46B4-AB04-D1CC252E974E}"
	ProjectSection(ProjectDependencies) = postProject
		{652DFC84-8661-4398-9EF8-3A273C5AA0E1} = {652DFC84-8661-4398-9EF8-3A273C5AA0E1}
		{95E437A5-4A87-4FAB-B15F-4A0FDE8B7DCF} = {95E437A5-4A87-4FAB-B15F-4A0FDE8B7DCF}
		{E7DF70FC-235F-47D3-AF70-ABCFE2C7AAE4} = {E7DF70FC-235F-47D3-AF70-ABCFE2C7AAE4}
	EndProjectSection
EndProject
Project("{FAE04EC0-301F-11D3-BF4B-00C04F79EFBC}") = "IGK.DrSStudio.WinGUI", "IGK.DrSStudio.WinGUI\IGK.DrSStudio.WinGUI.csproj", "{E7DF70FC-235F-47D3-AF70-ABCFE2C7AAE4}"
	ProjectSection(ProjectDependencies) = postProject
		{652DFC84-8661-4398-9EF8-3A273C5AA0E1} = {652DFC84-8661-4398-9EF8-3A273C5AA0E1}
		{95E437A5-4A87-4FAB-B15F-4A0FDE8B7DCF} = {95E437A5-4A87-4FAB-B15F-4A0FDE8B7DCF}
	EndProjectSection
EndProject
Project("{FAE04EC0-301F-11D3-BF4B-00C04F79EFBC}") = "IGK.DrSStudio.WinCore", "IGK.DrSStudio.WinCore\IGK.DrSStudio.WinCore.csproj", "{652DFC84-8661-4398-9EF8-3A273C5AA0E1}"
	ProjectSection(ProjectDependencies) = postProject
		{95E437A5-4A87-4FAB-B15F-4A0FDE8B7DCF} = {95E437A5-4A87-4FAB-B15F-4A0FDE8B7DCF}
	EndProjectSection
EndProject
Project("{FAE04EC0-301F-11D3-BF4B-00C04F79EFBC}") = "IGK.DrSStudio.Resources", "IGK.DrSStudio.Resources\IGK.DrSStudio.Resources.csproj", "{B853567A-D430-4937-84EA-2694A227F258}"
	ProjectSection(ProjectDependencies) = postProject
		{95E437A5-4A87-4FAB-B15F-4A0FDE8B7DCF} = {95E437A5-4A87-4FAB-B15F-4A0FDE8B7DCF}
	EndProjectSection
EndProject
Project("{FAE04EC0-301F-11D3-BF4B-00C04F79EFBC}") = "IGK.DrSStudio.WinLauncher", "..\main\IGK.DrSStudio.WinLauncher\IGK.DrSStudio.WinLauncher.csproj", "{873B2A28-3763-4A27-B908-F025C38C9068}"
	ProjectSection(ProjectDependencies) = postProject
		{147A4065-EF03-46B4-AB04-D1CC252E974E} = {147A4065-EF03-46B4-AB04-D1CC252E974E}
		{B853567A-D430-4937-84EA-2694A227F258} = {B853567A-D430-4937-84EA-2694A227F258}
		{652DFC84-8661-4398-9EF8-3A273C5AA0E1} = {652DFC84-8661-4398-9EF8-3A273C5AA0E1}
		{04ADF5A1-C4DB-484C-9DD8-02101D2E064C} = {04ADF5A1-C4DB-484C-9DD8-02101D2E064C}
		{95E437A5-4A87-4FAB-B15F-4A0FDE8B7DCF} = {95E437A5-4A87-4FAB-B15F-4A0FDE8B7DCF}
		{E6F626BC-2D3D-453C-A81A-0684F114D99B} = {E6F626BC-2D3D-453C-A81A-0684F114D99B}
		{E7DF70FC-235F-47D3-AF70-ABCFE2C7AAE4} = {E7DF70FC-235F-47D3-AF70-ABCFE2C7AAE4}
	EndProjectSection
EndProject
Project("{FAE04EC0-301F-11D3-BF4B-00C04F79EFBC}") = "IGK.DrSStudio.Drawing2D.PropertyToolAcceleratorAddIn", "..\addins\drawing2D\IGK.DrSStudio.Drawing2D.PropertyToolAcceleratorAddIn\IGK.DrSStudio.Drawing2D.PropertyToolAcceleratorAddIn.csproj", "{548B4B51-0119-44A3-A1F0-F0CD264EE53A}"
EndProject
Project("{FAE04EC0-301F-11D3-BF4B-00C04F79EFBC}") = "IGK.DrSStudio.WebBrowserAddIn", "..\addins\web\IGK.DrSStudio.WebBrowserAddIn\IGK.DrSStudio.WebBrowserAddIn.csproj", "{45B60880-EB96-48DF-99DB-607361F74A56}"
EndProject
Project("{FAE04EC0-301F-11D3-BF4B-00C04F79EFBC}") = "IGK.DrSStudio.IconAddin", "..\addins\image\IGK.DrSStudio.IconAddin\IGK.DrSStudio.IconAddin.csproj", "{832AAC57-1C7D-4113-975C-93CF560F2B2E}"
EndProject
Project("{FAE04EC0-301F-11D3-BF4B-00C04F79EFBC}") = "IGK.DrSStudio.CDCoverAddIn", "..\addins\image\IGK.DrSStudio.CDCoverAddIn\IGK.DrSStudio.CDCoverAddIn.csproj", "{E6F626BC-2D3D-453C-A81A-0684F114D99B}"
	ProjectSection(ProjectDependencies) = postProject
		{147A4065-EF03-46B4-AB04-D1CC252E974E} = {147A4065-EF03-46B4-AB04-D1CC252E974E}
		{04ADF5A1-C4DB-484C-9DD8-02101D2E064C} = {04ADF5A1-C4DB-484C-9DD8-02101D2E064C}
		{95E437A5-4A87-4FAB-B15F-4A0FDE8B7DCF} = {95E437A5-4A87-4FAB-B15F-4A0FDE8B7DCF}
	EndProjectSection
EndProject
Project("{FAE04EC0-301F-11D3-BF4B-00C04F79EFBC}") = "IGK.DrSStudio.Drawing2D.GUI", "..\addins\drawing2D\IGK.DrSStudio.Drawing2D.GUI\IGK.DrSStudio.Drawing2D.GUI.csproj", "{04ADF5A1-C4DB-484C-9DD8-02101D2E064C}"
	ProjectSection(ProjectDependencies) = postProject
		{147A4065-EF03-46B4-AB04-D1CC252E974E} = {147A4065-EF03-46B4-AB04-D1CC252E974E}
		{652DFC84-8661-4398-9EF8-3A273C5AA0E1} = {652DFC84-8661-4398-9EF8-3A273C5AA0E1}
		{95E437A5-4A87-4FAB-B15F-4A0FDE8B7DCF} = {95E437A5-4A87-4FAB-B15F-4A0FDE8B7DCF}
		{E7DF70FC-235F-47D3-AF70-ABCFE2C7AAE4} = {E7DF70FC-235F-47D3-AF70-ABCFE2C7AAE4}
	EndProjectSection
EndProject
Project("{FAE04EC0-301F-11D3-BF4B-00C04F79EFBC}") = "IGK.DrSStudio.Presentation", "..\addins\apps\IGK.DrSStudio.PresentationAddIn\IGK.DrSStudio.Presentation.csproj", "{E4C38494-B5D0-4B3B-82AC-6CC31E7B41AA}"
EndProject
Project("{FAE04EC0-301F-11D3-BF4B-00C04F79EFBC}") = "IGK.DrSStudio.CoreLibLoaderAddIn", "IGK.DrSStudio.CoreLibLoaderAddIn\IGK.DrSStudio.CoreLibLoaderAddIn.csproj", "{02214579-770C-4ACA-8420-E0B2B9281A01}"
EndProject
Global
	GlobalSection(SolutionConfigurationPlatforms) = preSolution
		Debug|Any CPU = Debug|Any CPU
		Debug|x86 = Debug|x86
		Release|Any CPU = Release|Any CPU
		Release|x86 = Release|x86
	EndGlobalSection
	GlobalSection(ProjectConfigurationPlatforms) = postSolution
		{95E437A5-4A87-4FAB-B15F-4A0FDE8B7DCF}.Debug|Any CPU.ActiveCfg = Debug|Any CPU
		{95E437A5-4A87-4FAB-B15F-4A0FDE8B7DCF}.Debug|Any CPU.Build.0 = Debug|Any CPU
		{95E437A5-4A87-4FAB-B15F-4A0FDE8B7DCF}.Debug|x86.ActiveCfg = Debug|x86
		{95E437A5-4A87-4FAB-B15F-4A0FDE8B7DCF}.Debug|x86.Build.0 = Debug|x86
		{95E437A5-4A87-4FAB-B15F-4A0FDE8B7DCF}.Release|Any CPU.ActiveCfg = Release|Any CPU
		{95E437A5-4A87-4FAB-B15F-4A0FDE8B7DCF}.Release|Any CPU.Build.0 = Release|Any CPU
		{95E437A5-4A87-4FAB-B15F-4A0FDE8B7DCF}.Release|x86.ActiveCfg = Release|x86
		{95E437A5-4A87-4FAB-B15F-4A0FDE8B7DCF}.Release|x86.Build.0 = Release|x86
		{147A4065-EF03-46B4-AB04-D1CC252E974E}.Debug|Any CPU.ActiveCfg = Debug|Any CPU
		{147A4065-EF03-46B4-AB04-D1CC252E974E}.Debug|Any CPU.Build.0 = Debug|Any CPU
		{147A4065-EF03-46B4-AB04-D1CC252E974E}.Debug|x86.ActiveCfg = Debug|x86
		{147A4065-EF03-46B4-AB04-D1CC252E974E}.Debug|x86.Build.0 = Debug|x86
		{147A4065-EF03-46B4-AB04-D1CC252E974E}.Release|Any CPU.ActiveCfg = Release|Any CPU
		{147A4065-EF03-46B4-AB04-D1CC252E974E}.Release|Any CPU.Build.0 = Release|Any CPU
		{147A4065-EF03-46B4-AB04-D1CC252E974E}.Release|x86.ActiveCfg = Release|x86
		{147A4065-EF03-46B4-AB04-D1CC252E974E}.Release|x86.Build.0 = Release|x86
		{E7DF70FC-235F-47D3-AF70-ABCFE2C7AAE4}.Debug|Any CPU.ActiveCfg = Debug|Any CPU
		{E7DF70FC-235F-47D3-AF70-ABCFE2C7AAE4}.Debug|Any CPU.Build.0 = Debug|Any CPU
		{E7DF70FC-235F-47D3-AF70-ABCFE2C7AAE4}.Debug|x86.ActiveCfg = Debug|x86
		{E7DF70FC-235F-47D3-AF70-ABCFE2C7AAE4}.Debug|x86.Build.0 = Debug|x86
		{E7DF70FC-235F-47D3-AF70-ABCFE2C7AAE4}.Release|Any CPU.ActiveCfg = Release|Any CPU
		{E7DF70FC-235F-47D3-AF70-ABCFE2C7AAE4}.Release|Any CPU.Build.0 = Release|Any CPU
		{E7DF70FC-235F-47D3-AF70-ABCFE2C7AAE4}.Release|x86.ActiveCfg = Release|x86
		{E7DF70FC-235F-47D3-AF70-ABCFE2C7AAE4}.Release|x86.Build.0 = Release|x86
		{652DFC84-8661-4398-9EF8-3A273C5AA0E1}.Debug|Any CPU.ActiveCfg = Debug|Any CPU
		{652DFC84-8661-4398-9EF8-3A273C5AA0E1}.Debug|Any CPU.Build.0 = Debug|Any CPU
		{652DFC84-8661-4398-9EF8-3A273C5AA0E1}.Debug|x86.ActiveCfg = Debug|x86
		{652DFC84-8661-4398-9EF8-3A273C5AA0E1}.Debug|x86.Build.0 = Debug|x86
		{652DFC84-8661-4398-9EF8-3A273C5AA0E1}.Release|Any CPU.ActiveCfg = Release|Any CPU
		{652DFC84-8661-4398-9EF8-3A273C5AA0E1}.Release|Any CPU.Build.0 = Release|Any CPU
		{652DFC84-8661-4398-9EF8-3A273C5AA0E1}.Release|x86.ActiveCfg = Release|x86
		{652DFC84-8661-4398-9EF8-3A273C5AA0E1}.Release|x86.Build.0 = Release|x86
		{B853567A-D430-4937-84EA-2694A227F258}.Debug|Any CPU.ActiveCfg = Debug|Any CPU
		{B853567A-D430-4937-84EA-2694A227F258}.Debug|Any CPU.Build.0 = Debug|Any CPU
		{B853567A-D430-4937-84EA-2694A227F258}.Debug|x86.ActiveCfg = Debug|x86
		{B853567A-D430-4937-84EA-2694A227F258}.Debug|x86.Build.0 = Debug|x86
		{B853567A-D430-4937-84EA-2694A227F258}.Release|Any CPU.ActiveCfg = Release|Any CPU
		{B853567A-D430-4937-84EA-2694A227F258}.Release|Any CPU.Build.0 = Release|Any CPU
		{B853567A-D430-4937-84EA-2694A227F258}.Release|x86.ActiveCfg = Release|x86
		{B853567A-D430-4937-84EA-2694A227F258}.Release|x86.Build.0 = Release|x86
		{873B2A28-3763-4A27-B908-F025C38C9068}.Debug|Any CPU.ActiveCfg = Debug|Any CPU
		{873B2A28-3763-4A27-B908-F025C38C9068}.Debug|Any CPU.Build.0 = Debug|Any CPU
		{873B2A28-3763-4A27-B908-F025C38C9068}.Debug|x86.ActiveCfg = Debug|x86
		{873B2A28-3763-4A27-B908-F025C38C9068}.Debug|x86.Build.0 = Debug|x86
		{873B2A28-3763-4A27-B908-F025C38C9068}.Release|Any CPU.ActiveCfg = Release|Any CPU
		{873B2A28-3763-4A27-B908-F025C38C9068}.Release|Any CPU.Build.0 = Release|Any CPU
		{873B2A28-3763-4A27-B908-F025C38C9068}.Release|x86.ActiveCfg = Release|x86
		{873B2A28-3763-4A27-B908-F025C38C9068}.Release|x86.Build.0 = Release|x86
		{548B4B51-0119-44A3-A1F0-F0CD264EE53A}.Debug|Any CPU.ActiveCfg = Debug|Any CPU
		{548B4B51-0119-44A3-A1F0-F0CD264EE53A}.Debug|Any CPU.Build.0 = Debug|Any CPU
		{548B4B51-0119-44A3-A1F0-F0CD264EE53A}.Debug|x86.ActiveCfg = Debug|x86
		{548B4B51-0119-44A3-A1F0-F0CD264EE53A}.Debug|x86.Build.0 = Debug|x86
		{548B4B51-0119-44A3-A1F0-F0CD264EE53A}.Release|Any CPU.ActiveCfg = Release|Any CPU
		{548B4B51-0119-44A3-A1F0-F0CD264EE53A}.Release|Any CPU.Build.0 = Release|Any CPU
		{548B4B51-0119-44A3-A1F0-F0CD264EE53A}.Release|x86.ActiveCfg = Release|x86
		{548B4B51-0119-44A3-A1F0-F0CD264EE53A}.Release|x86.Build.0 = Release|x86
		{45B60880-EB96-48DF-99DB-607361F74A56}.Debug|Any CPU.ActiveCfg = Debug|Any CPU
		{45B60880-EB96-48DF-99DB-607361F74A56}.Debug|Any CPU.Build.0 = Debug|Any CPU
		{45B60880-EB96-48DF-99DB-607361F74A56}.Debug|x86.ActiveCfg = Debug|x86
		{45B60880-EB96-48DF-99DB-607361F74A56}.Debug|x86.Build.0 = Debug|x86
		{45B60880-EB96-48DF-99DB-607361F74A56}.Release|Any CPU.ActiveCfg = Release|Any CPU
		{45B60880-EB96-48DF-99DB-607361F74A56}.Release|Any CPU.Build.0 = Release|Any CPU
		{45B60880-EB96-48DF-99DB-607361F74A56}.Release|x86.ActiveCfg = Release|x86
		{45B60880-EB96-48DF-99DB-607361F74A56}.Release|x86.Build.0 = Release|x86
		{832AAC57-1C7D-4113-975C-93CF560F2B2E}.Debug|Any CPU.ActiveCfg = Debug|Any CPU
		{832AAC57-1C7D-4113-975C-93CF560F2B2E}.Debug|Any CPU.Build.0 = Debug|Any CPU
		{832AAC57-1C7D-4113-975C-93CF560F2B2E}.Debug|x86.ActiveCfg = Debug|x86
		{832AAC57-1C7D-4113-975C-93CF560F2B2E}.Debug|x86.Build.0 = Debug|x86
		{832AAC57-1C7D-4113-975C-93CF560F2B2E}.Release|Any CPU.ActiveCfg = Release|Any CPU
		{832AAC57-1C7D-4113-975C-93CF560F2B2E}.Release|Any CPU.Build.0 = Release|Any CPU
		{832AAC57-1C7D-4113-975C-93CF560F2B2E}.Release|x86.ActiveCfg = Release|x86
		{832AAC57-1C7D-4113-975C-93CF560F2B2E}.Release|x86.Build.0 = Release|x86
		{E6F626BC-2D3D-453C-A81A-0684F114D99B}.Debug|Any CPU.ActiveCfg = Debug|Any CPU
		{E6F626BC-2D3D-453C-A81A-0684F114D99B}.Debug|Any CPU.Build.0 = Debug|Any CPU
		{E6F626BC-2D3D-453C-A81A-0684F114D99B}.Debug|x86.ActiveCfg = Debug|x86
		{E6F626BC-2D3D-453C-A81A-0684F114D99B}.Debug|x86.Build.0 = Debug|x86
		{E6F626BC-2D3D-453C-A81A-0684F114D99B}.Release|Any CPU.ActiveCfg = Release|Any CPU
		{E6F626BC-2D3D-453C-A81A-0684F114D99B}.Release|Any CPU.Build.0 = Release|Any CPU
		{E6F626BC-2D3D-453C-A81A-0684F114D99B}.Release|x86.ActiveCfg = Release|x86
		{E6F626BC-2D3D-453C-A81A-0684F114D99B}.Release|x86.Build.0 = Release|x86
		{04ADF5A1-C4DB-484C-9DD8-02101D2E064C}.Debug|Any CPU.ActiveCfg = Debug|Any CPU
		{04ADF5A1-C4DB-484C-9DD8-02101D2E064C}.Debug|Any CPU.Build.0 = Debug|Any CPU
		{04ADF5A1-C4DB-484C-9DD8-02101D2E064C}.Debug|x86.ActiveCfg = Debug|x86
		{04ADF5A1-C4DB-484C-9DD8-02101D2E064C}.Debug|x86.Build.0 = Debug|x86
		{04ADF5A1-C4DB-484C-9DD8-02101D2E064C}.Release|Any CPU.ActiveCfg = Release|Any CPU
		{04ADF5A1-C4DB-484C-9DD8-02101D2E064C}.Release|Any CPU.Build.0 = Release|Any CPU
		{04ADF5A1-C4DB-484C-9DD8-02101D2E064C}.Release|x86.ActiveCfg = Release|x86
		{04ADF5A1-C4DB-484C-9DD8-02101D2E064C}.Release|x86.Build.0 = Release|x86
		{E4C38494-B5D0-4B3B-82AC-6CC31E7B41AA}.Debug|Any CPU.ActiveCfg = Debug|Any CPU
		{E4C38494-B5D0-4B3B-82AC-6CC31E7B41AA}.Debug|Any CPU.Build.0 = Debug|Any CPU
		{E4C38494-B5D0-4B3B-82AC-6CC31E7B41AA}.Debug|x86.ActiveCfg = Debug|x86
		{E4C38494-B5D0-4B3B-82AC-6CC31E7B41AA}.Debug|x86.Build.0 = Debug|x86
		{E4C38494-B5D0-4B3B-82AC-6CC31E7B41AA}.Release|Any CPU.ActiveCfg = Release|Any CPU
		{E4C38494-B5D0-4B3B-82AC-6CC31E7B41AA}.Release|Any CPU.Build.0 = Release|Any CPU
		{E4C38494-B5D0-4B3B-82AC-6CC31E7B41AA}.Release|x86.ActiveCfg = Release|x86
		{E4C38494-B5D0-4B3B-82AC-6CC31E7B41AA}.Release|x86.Build.0 = Release|x86
		{02214579-770C-4ACA-8420-E0B2B9281A01}.Debug|Any CPU.ActiveCfg = Debug|Any CPU
		{02214579-770C-4ACA-8420-E0B2B9281A01}.Debug|Any CPU.Build.0 = Debug|Any CPU
		{02214579-770C-4ACA-8420-E0B2B9281A01}.Debug|x86.ActiveCfg = Debug|x86
		{02214579-770C-4ACA-8420-E0B2B9281A01}.Debug|x86.Build.0 = Debug|x86
		{02214579-770C-4ACA-8420-E0B2B9281A01}.Release|Any CPU.ActiveCfg = Release|Any CPU
		{02214579-770C-4ACA-8420-E0B2B9281A01}.Release|Any CPU.Build.0 = Release|Any CPU
		{02214579-770C-4ACA-8420-E0B2B9281A01}.Release|x86.ActiveCfg = Release|x86
		{02214579-770C-4ACA-8420-E0B2B9281A01}.Release|x86.Build.0 = Release|x86
	EndGlobalSection
	GlobalSection(SolutionProperties) = preSolution
		HideSolutionNode = FALSE
	EndGlobalSection
	GlobalSection(NestedProjects) = preSolution
		{E6F626BC-2D3D-453C-A81A-0684F114D99B} = {387F2EEB-426C-4925-8780-498263BB05FE}
		{548B4B51-0119-44A3-A1F0-F0CD264EE53A} = {4E691607-1DB3-4636-AA5B-576CD6232736}
		{832AAC57-1C7D-4113-975C-93CF560F2B2E} = {4E691607-1DB3-4636-AA5B-576CD6232736}
		{04ADF5A1-C4DB-484C-9DD8-02101D2E064C} = {4E691607-1DB3-4636-AA5B-576CD6232736}
		{45B60880-EB96-48DF-99DB-607361F74A56} = {605F81C6-7213-4A2C-B4AA-35E5EC66C1B6}
		{E4C38494-B5D0-4B3B-82AC-6CC31E7B41AA} = {EC5B78E9-82A4-41C8-92BA-C7CBC38EF78B}
	EndGlobalSection
EndGlobal
