
Microsoft Visual Studio Solution File, Format Version 12.00
# Visual Studio Express 2012 for Windows Desktop
Project("{FAE04EC0-301F-11D3-BF4B-00C04F79EFBC}") = "AndroidAddInSln", "AndroidAddInSln.csproj", "{ED19A084-8AB0-4BF2-8EEC-F31CF16293AB}"
EndProject
Project("{FAE04EC0-301F-11D3-BF4B-00C04F79EFBC}") = "IGK.DrSStudio.AndroidAddIn", "..\IGK.DrSStudio.AndroidAddIn\IGK.DrSStudio.AndroidAddIn.csproj", "{6DCABE5C-40FE-4F53-A5E3-C01D4A060406}"
EndProject
Project("{FAE04EC0-301F-11D3-BF4B-00C04F79EFBC}") = "IGK.ICore", "..\..\..\core\IGK.ICore\IGK.ICore.csproj", "{95E437A5-4A87-4FAB-B15F-4A0FDE8B7DCF}"
EndProject
Project("{FAE04EC0-301F-11D3-BF4B-00C04F79EFBC}") = "IGK.DrSStudio.WinCore", "..\..\..\main\IGK.DrSStudio.WinCore\IGK.DrSStudio.WinCore.csproj", "{74F6A53E-2948-41BC-A842-E036C6D96667}"
EndProject
Project("{FAE04EC0-301F-11D3-BF4B-00C04F79EFBC}") = "ICSharpCode.AvalonEdit", "..\..\..\lib\ICSharpCode.AvalonEdit\ICSharpCode.AvalonEdit.csproj", "{6C55B776-26D4-4DB3-A6AB-87E783B2F3D1}"
EndProject
Project("{FAE04EC0-301F-11D3-BF4B-00C04F79EFBC}") = "IGK.DrSStudio.Drawing2D.GUI", "..\..\drawing2D\IGK.DrSStudio.Drawing2D.GUI\IGK.DrSStudio.Drawing2D.GUI.csproj", "{04ADF5A1-C4DB-484C-9DD8-02101D2E064C}"
EndProject
Project("{FAE04EC0-301F-11D3-BF4B-00C04F79EFBC}") = "IGK.DrSStudio.WinCoreDesign", "..\..\..\main\IGK.DrSStudio.WinCoreDesign\IGK.DrSStudio.WinCoreDesign.csproj", "{497FAD28-DE18-40D3-AF73-2EC1F9303B6B}"
EndProject
Project("{FAE04EC0-301F-11D3-BF4B-00C04F79EFBC}") = "IGK.ICore.WinCore", "..\..\..\core\IGK.ICore.WinCore\IGK.ICore.WinCore.csproj", "{68AB7706-A97F-4BF8-8D1F-26D69A6BFA0E}"
EndProject
Project("{FAE04EC0-301F-11D3-BF4B-00C04F79EFBC}") = "IGK.DrSStudio.Drawing2D.TextRoundBulletAddIn", "..\..\drawing2D\text\IGK.DrSStudio.Drawing2D.TextRoundBulletAddIn\IGK.DrSStudio.Drawing2D.TextRoundBulletAddIn.csproj", "{DB8A3575-72D6-41B8-AE53-0DAD85CA194B}"
EndProject
Project("{FAE04EC0-301F-11D3-BF4B-00C04F79EFBC}") = "androiSLNDesignMenuTest", "..\..\..\..\..\DEV\Demo\androiSLNDesignMenuTest\androiSLNDesignMenuTest.csproj", "{8701B0AD-2DE9-48F1-BAB3-30706D3F3635}"
EndProject
Project("{FAE04EC0-301F-11D3-BF4B-00C04F79EFBC}") = "IGK.ICore.Drawing2D", "..\..\..\core\IGK.ICore.Drawing2D\IGK.ICore.Drawing2D.csproj", "{29738416-CC50-4AD2-9353-B03FBEECDAF8}"
EndProject
Global
	GlobalSection(SolutionConfigurationPlatforms) = preSolution
		Debug|Any CPU = Debug|Any CPU
		Debug|x64 = Debug|x64
		Debug|x86 = Debug|x86
		Release|Any CPU = Release|Any CPU
		Release|x64 = Release|x64
		Release|x86 = Release|x86
	EndGlobalSection
	GlobalSection(ProjectConfigurationPlatforms) = postSolution
		{ED19A084-8AB0-4BF2-8EEC-F31CF16293AB}.Debug|Any CPU.ActiveCfg = Debug|x86
		{ED19A084-8AB0-4BF2-8EEC-F31CF16293AB}.Debug|x64.ActiveCfg = Debug|x64
		{ED19A084-8AB0-4BF2-8EEC-F31CF16293AB}.Debug|x64.Build.0 = Debug|x64
		{ED19A084-8AB0-4BF2-8EEC-F31CF16293AB}.Debug|x86.ActiveCfg = Debug|x86
		{ED19A084-8AB0-4BF2-8EEC-F31CF16293AB}.Debug|x86.Build.0 = Debug|x86
		{ED19A084-8AB0-4BF2-8EEC-F31CF16293AB}.Release|Any CPU.ActiveCfg = Release|x86
		{ED19A084-8AB0-4BF2-8EEC-F31CF16293AB}.Release|x64.ActiveCfg = Release|x64
		{ED19A084-8AB0-4BF2-8EEC-F31CF16293AB}.Release|x64.Build.0 = Release|x64
		{ED19A084-8AB0-4BF2-8EEC-F31CF16293AB}.Release|x86.ActiveCfg = Release|x86
		{ED19A084-8AB0-4BF2-8EEC-F31CF16293AB}.Release|x86.Build.0 = Release|x86
		{6DCABE5C-40FE-4F53-A5E3-C01D4A060406}.Debug|Any CPU.ActiveCfg = Debug|x86
		{6DCABE5C-40FE-4F53-A5E3-C01D4A060406}.Debug|x64.ActiveCfg = Debug|x64
		{6DCABE5C-40FE-4F53-A5E3-C01D4A060406}.Debug|x64.Build.0 = Debug|x64
		{6DCABE5C-40FE-4F53-A5E3-C01D4A060406}.Debug|x86.ActiveCfg = Debug|x86
		{6DCABE5C-40FE-4F53-A5E3-C01D4A060406}.Debug|x86.Build.0 = Debug|x86
		{6DCABE5C-40FE-4F53-A5E3-C01D4A060406}.Release|Any CPU.ActiveCfg = Release|x86
		{6DCABE5C-40FE-4F53-A5E3-C01D4A060406}.Release|x64.ActiveCfg = Release|x64
		{6DCABE5C-40FE-4F53-A5E3-C01D4A060406}.Release|x64.Build.0 = Release|x64
		{6DCABE5C-40FE-4F53-A5E3-C01D4A060406}.Release|x86.ActiveCfg = Release|x86
		{6DCABE5C-40FE-4F53-A5E3-C01D4A060406}.Release|x86.Build.0 = Release|x86
		{95E437A5-4A87-4FAB-B15F-4A0FDE8B7DCF}.Debug|Any CPU.ActiveCfg = Debug|x86
		{95E437A5-4A87-4FAB-B15F-4A0FDE8B7DCF}.Debug|x64.ActiveCfg = Debug|x64
		{95E437A5-4A87-4FAB-B15F-4A0FDE8B7DCF}.Debug|x64.Build.0 = Debug|x64
		{95E437A5-4A87-4FAB-B15F-4A0FDE8B7DCF}.Debug|x86.ActiveCfg = Debug|x86
		{95E437A5-4A87-4FAB-B15F-4A0FDE8B7DCF}.Debug|x86.Build.0 = Debug|x86
		{95E437A5-4A87-4FAB-B15F-4A0FDE8B7DCF}.Release|Any CPU.ActiveCfg = Release|x86
		{95E437A5-4A87-4FAB-B15F-4A0FDE8B7DCF}.Release|x64.ActiveCfg = Release|x64
		{95E437A5-4A87-4FAB-B15F-4A0FDE8B7DCF}.Release|x64.Build.0 = Release|x64
		{95E437A5-4A87-4FAB-B15F-4A0FDE8B7DCF}.Release|x86.ActiveCfg = Release|x86
		{95E437A5-4A87-4FAB-B15F-4A0FDE8B7DCF}.Release|x86.Build.0 = Release|x86
		{74F6A53E-2948-41BC-A842-E036C6D96667}.Debug|Any CPU.ActiveCfg = Debug|x86
		{74F6A53E-2948-41BC-A842-E036C6D96667}.Debug|x64.ActiveCfg = Debug|x64
		{74F6A53E-2948-41BC-A842-E036C6D96667}.Debug|x64.Build.0 = Debug|x64
		{74F6A53E-2948-41BC-A842-E036C6D96667}.Debug|x86.ActiveCfg = Debug|x86
		{74F6A53E-2948-41BC-A842-E036C6D96667}.Debug|x86.Build.0 = Debug|x86
		{74F6A53E-2948-41BC-A842-E036C6D96667}.Release|Any CPU.ActiveCfg = Release|x86
		{74F6A53E-2948-41BC-A842-E036C6D96667}.Release|x64.ActiveCfg = Release|x64
		{74F6A53E-2948-41BC-A842-E036C6D96667}.Release|x64.Build.0 = Release|x64
		{74F6A53E-2948-41BC-A842-E036C6D96667}.Release|x86.ActiveCfg = Release|x86
		{74F6A53E-2948-41BC-A842-E036C6D96667}.Release|x86.Build.0 = Release|x86
		{6C55B776-26D4-4DB3-A6AB-87E783B2F3D1}.Debug|Any CPU.ActiveCfg = Debug|Any CPU
		{6C55B776-26D4-4DB3-A6AB-87E783B2F3D1}.Debug|Any CPU.Build.0 = Debug|Any CPU
		{6C55B776-26D4-4DB3-A6AB-87E783B2F3D1}.Debug|x64.ActiveCfg = Debug|x64
		{6C55B776-26D4-4DB3-A6AB-87E783B2F3D1}.Debug|x64.Build.0 = Debug|x64
		{6C55B776-26D4-4DB3-A6AB-87E783B2F3D1}.Debug|x86.ActiveCfg = Debug|x86
		{6C55B776-26D4-4DB3-A6AB-87E783B2F3D1}.Debug|x86.Build.0 = Debug|x86
		{6C55B776-26D4-4DB3-A6AB-87E783B2F3D1}.Release|Any CPU.ActiveCfg = Release|Any CPU
		{6C55B776-26D4-4DB3-A6AB-87E783B2F3D1}.Release|Any CPU.Build.0 = Release|Any CPU
		{6C55B776-26D4-4DB3-A6AB-87E783B2F3D1}.Release|x64.ActiveCfg = Release|x64
		{6C55B776-26D4-4DB3-A6AB-87E783B2F3D1}.Release|x64.Build.0 = Release|x64
		{6C55B776-26D4-4DB3-A6AB-87E783B2F3D1}.Release|x86.ActiveCfg = Release|x86
		{6C55B776-26D4-4DB3-A6AB-87E783B2F3D1}.Release|x86.Build.0 = Release|x86
		{04ADF5A1-C4DB-484C-9DD8-02101D2E064C}.Debug|Any CPU.ActiveCfg = Debug|x86
		{04ADF5A1-C4DB-484C-9DD8-02101D2E064C}.Debug|x64.ActiveCfg = Debug|x64
		{04ADF5A1-C4DB-484C-9DD8-02101D2E064C}.Debug|x64.Build.0 = Debug|x64
		{04ADF5A1-C4DB-484C-9DD8-02101D2E064C}.Debug|x86.ActiveCfg = Debug|x86
		{04ADF5A1-C4DB-484C-9DD8-02101D2E064C}.Debug|x86.Build.0 = Debug|x86
		{04ADF5A1-C4DB-484C-9DD8-02101D2E064C}.Release|Any CPU.ActiveCfg = Release|x86
		{04ADF5A1-C4DB-484C-9DD8-02101D2E064C}.Release|x64.ActiveCfg = Release|x64
		{04ADF5A1-C4DB-484C-9DD8-02101D2E064C}.Release|x64.Build.0 = Release|x64
		{04ADF5A1-C4DB-484C-9DD8-02101D2E064C}.Release|x86.ActiveCfg = Release|x86
		{04ADF5A1-C4DB-484C-9DD8-02101D2E064C}.Release|x86.Build.0 = Release|x86
		{497FAD28-DE18-40D3-AF73-2EC1F9303B6B}.Debug|Any CPU.ActiveCfg = Debug|x86
		{497FAD28-DE18-40D3-AF73-2EC1F9303B6B}.Debug|x64.ActiveCfg = Debug|x64
		{497FAD28-DE18-40D3-AF73-2EC1F9303B6B}.Debug|x64.Build.0 = Debug|x64
		{497FAD28-DE18-40D3-AF73-2EC1F9303B6B}.Debug|x86.ActiveCfg = Debug|x86
		{497FAD28-DE18-40D3-AF73-2EC1F9303B6B}.Debug|x86.Build.0 = Debug|x86
		{497FAD28-DE18-40D3-AF73-2EC1F9303B6B}.Release|Any CPU.ActiveCfg = Release|x86
		{497FAD28-DE18-40D3-AF73-2EC1F9303B6B}.Release|x64.ActiveCfg = Release|x64
		{497FAD28-DE18-40D3-AF73-2EC1F9303B6B}.Release|x64.Build.0 = Release|x64
		{497FAD28-DE18-40D3-AF73-2EC1F9303B6B}.Release|x86.ActiveCfg = Release|x86
		{497FAD28-DE18-40D3-AF73-2EC1F9303B6B}.Release|x86.Build.0 = Release|x86
		{68AB7706-A97F-4BF8-8D1F-26D69A6BFA0E}.Debug|Any CPU.ActiveCfg = Debug|x86
		{68AB7706-A97F-4BF8-8D1F-26D69A6BFA0E}.Debug|x64.ActiveCfg = Debug|x64
		{68AB7706-A97F-4BF8-8D1F-26D69A6BFA0E}.Debug|x64.Build.0 = Debug|x64
		{68AB7706-A97F-4BF8-8D1F-26D69A6BFA0E}.Debug|x86.ActiveCfg = Debug|x86
		{68AB7706-A97F-4BF8-8D1F-26D69A6BFA0E}.Debug|x86.Build.0 = Debug|x86
		{68AB7706-A97F-4BF8-8D1F-26D69A6BFA0E}.Release|Any CPU.ActiveCfg = Release|x86
		{68AB7706-A97F-4BF8-8D1F-26D69A6BFA0E}.Release|x64.ActiveCfg = Release|x64
		{68AB7706-A97F-4BF8-8D1F-26D69A6BFA0E}.Release|x64.Build.0 = Release|x64
		{68AB7706-A97F-4BF8-8D1F-26D69A6BFA0E}.Release|x86.ActiveCfg = Release|x86
		{68AB7706-A97F-4BF8-8D1F-26D69A6BFA0E}.Release|x86.Build.0 = Release|x86
		{DB8A3575-72D6-41B8-AE53-0DAD85CA194B}.Debug|Any CPU.ActiveCfg = Debug|x86
		{DB8A3575-72D6-41B8-AE53-0DAD85CA194B}.Debug|x64.ActiveCfg = Debug|x64
		{DB8A3575-72D6-41B8-AE53-0DAD85CA194B}.Debug|x64.Build.0 = Debug|x64
		{DB8A3575-72D6-41B8-AE53-0DAD85CA194B}.Debug|x86.ActiveCfg = Debug|x86
		{DB8A3575-72D6-41B8-AE53-0DAD85CA194B}.Debug|x86.Build.0 = Debug|x86
		{DB8A3575-72D6-41B8-AE53-0DAD85CA194B}.Release|Any CPU.ActiveCfg = Release|x86
		{DB8A3575-72D6-41B8-AE53-0DAD85CA194B}.Release|x64.ActiveCfg = Release|x64
		{DB8A3575-72D6-41B8-AE53-0DAD85CA194B}.Release|x64.Build.0 = Release|x64
		{DB8A3575-72D6-41B8-AE53-0DAD85CA194B}.Release|x86.ActiveCfg = Release|x86
		{DB8A3575-72D6-41B8-AE53-0DAD85CA194B}.Release|x86.Build.0 = Release|x86
		{8701B0AD-2DE9-48F1-BAB3-30706D3F3635}.Debug|Any CPU.ActiveCfg = Debug|x86
		{8701B0AD-2DE9-48F1-BAB3-30706D3F3635}.Debug|x64.ActiveCfg = Debug|x64
		{8701B0AD-2DE9-48F1-BAB3-30706D3F3635}.Debug|x64.Build.0 = Debug|x64
		{8701B0AD-2DE9-48F1-BAB3-30706D3F3635}.Debug|x86.ActiveCfg = Debug|x86
		{8701B0AD-2DE9-48F1-BAB3-30706D3F3635}.Debug|x86.Build.0 = Debug|x86
		{8701B0AD-2DE9-48F1-BAB3-30706D3F3635}.Release|Any CPU.ActiveCfg = Release|x86
		{8701B0AD-2DE9-48F1-BAB3-30706D3F3635}.Release|x64.ActiveCfg = Release|x64
		{8701B0AD-2DE9-48F1-BAB3-30706D3F3635}.Release|x64.Build.0 = Release|x64
		{8701B0AD-2DE9-48F1-BAB3-30706D3F3635}.Release|x86.ActiveCfg = Release|x86
		{8701B0AD-2DE9-48F1-BAB3-30706D3F3635}.Release|x86.Build.0 = Release|x86
		{29738416-CC50-4AD2-9353-B03FBEECDAF8}.Debug|Any CPU.ActiveCfg = Debug|x86
		{29738416-CC50-4AD2-9353-B03FBEECDAF8}.Debug|x64.ActiveCfg = Debug|x64
		{29738416-CC50-4AD2-9353-B03FBEECDAF8}.Debug|x64.Build.0 = Debug|x64
		{29738416-CC50-4AD2-9353-B03FBEECDAF8}.Debug|x86.ActiveCfg = Debug|x86
		{29738416-CC50-4AD2-9353-B03FBEECDAF8}.Debug|x86.Build.0 = Debug|x86
		{29738416-CC50-4AD2-9353-B03FBEECDAF8}.Release|Any CPU.ActiveCfg = Release|x86
		{29738416-CC50-4AD2-9353-B03FBEECDAF8}.Release|x64.ActiveCfg = Release|x64
		{29738416-CC50-4AD2-9353-B03FBEECDAF8}.Release|x64.Build.0 = Release|x64
		{29738416-CC50-4AD2-9353-B03FBEECDAF8}.Release|x86.ActiveCfg = Release|x86
		{29738416-CC50-4AD2-9353-B03FBEECDAF8}.Release|x86.Build.0 = Release|x86
	EndGlobalSection
	GlobalSection(SolutionProperties) = preSolution
		HideSolutionNode = FALSE
	EndGlobalSection
EndGlobal
