
Microsoft Visual Studio Solution File, Format Version 12.00
# Visual Studio Express 2012 for Windows Desktop
Project("{FAE04EC0-301F-11D3-BF4B-00C04F79EFBC}") = "IGK.DrSStudio.FileBrowser", "IGK.DrSStudio.FileBrowser.csproj", "{ECC76D6D-1BD0-4E7F-85F1-E7E69FB17F38}"
EndProject
Project("{FAE04EC0-301F-11D3-BF4B-00C04F79EFBC}") = "IGK.DrSStudio.FileBrowser.App", "..\IGK.DrSStudio.FileBrowser.App\IGK.DrSStudio.FileBrowser.App.csproj", "{94A20FAC-BADA-418C-AD9D-CC47E780D84C}"
EndProject
Project("{2150E333-8FDC-42A3-9474-1A3956D46DE8}") = "core", "core", "{60553148-E3F9-49E8-A5F2-C05D8B0C688A}"
EndProject
Project("{FAE04EC0-301F-11D3-BF4B-00C04F79EFBC}") = "IGK.ICore", "..\..\..\core\IGK.ICore\IGK.ICore.csproj", "{95E437A5-4A87-4FAB-B15F-4A0FDE8B7DCF}"
EndProject
Project("{FAE04EC0-301F-11D3-BF4B-00C04F79EFBC}") = "IGK.ICore.WebSdk", "..\..\..\core\IGK.ICore.WebSdk\IGK.ICore.WebSdk.csproj", "{986A7450-D1DE-44CE-BA9A-584224DF925C}"
EndProject
Project("{FAE04EC0-301F-11D3-BF4B-00C04F79EFBC}") = "IGK.ICore.Drawing2D", "..\..\..\core\IGK.ICore.Drawing2D\IGK.ICore.Drawing2D.csproj", "{29738416-CC50-4AD2-9353-B03FBEECDAF8}"
EndProject
Project("{FAE04EC0-301F-11D3-BF4B-00C04F79EFBC}") = "IGK.ICore.WinCore", "..\..\..\core\IGK.ICore.WinCore\IGK.ICore.WinCore.csproj", "{68AB7706-A97F-4BF8-8D1F-26D69A6BFA0E}"
EndProject
Project("{2150E333-8FDC-42A3-9474-1A3956D46DE8}") = "main", "main", "{58338AB1-7210-4F73-A48F-131CF3C4EE3E}"
EndProject
Global
	GlobalSection(SolutionConfigurationPlatforms) = preSolution
		Debug|Any CPU = Debug|Any CPU
		Debug|x64 = Debug|x64
		Debug|x86 = Debug|x86
		Release|Any CPU = Release|Any CPU
		Release|x64 = Release|x64
		Release|x86 = Release|x86
	EndGlobalSection
	GlobalSection(ProjectConfigurationPlatforms) = postSolution
		{ECC76D6D-1BD0-4E7F-85F1-E7E69FB17F38}.Debug|Any CPU.ActiveCfg = Debug|x86
		{ECC76D6D-1BD0-4E7F-85F1-E7E69FB17F38}.Debug|x64.ActiveCfg = Debug|x64
		{ECC76D6D-1BD0-4E7F-85F1-E7E69FB17F38}.Debug|x64.Build.0 = Debug|x64
		{ECC76D6D-1BD0-4E7F-85F1-E7E69FB17F38}.Debug|x86.ActiveCfg = Debug|x86
		{ECC76D6D-1BD0-4E7F-85F1-E7E69FB17F38}.Debug|x86.Build.0 = Debug|x86
		{ECC76D6D-1BD0-4E7F-85F1-E7E69FB17F38}.Release|Any CPU.ActiveCfg = Release|x86
		{ECC76D6D-1BD0-4E7F-85F1-E7E69FB17F38}.Release|x64.ActiveCfg = Release|x64
		{ECC76D6D-1BD0-4E7F-85F1-E7E69FB17F38}.Release|x64.Build.0 = Release|x64
		{ECC76D6D-1BD0-4E7F-85F1-E7E69FB17F38}.Release|x86.ActiveCfg = Release|x86
		{ECC76D6D-1BD0-4E7F-85F1-E7E69FB17F38}.Release|x86.Build.0 = Release|x86
		{94A20FAC-BADA-418C-AD9D-CC47E780D84C}.Debug|Any CPU.ActiveCfg = Debug|Any CPU
		{94A20FAC-BADA-418C-AD9D-CC47E780D84C}.Debug|Any CPU.Build.0 = Debug|Any CPU
		{94A20FAC-BADA-418C-AD9D-CC47E780D84C}.Debug|x64.ActiveCfg = Debug|x64
		{94A20FAC-BADA-418C-AD9D-CC47E780D84C}.Debug|x64.Build.0 = Debug|x64
		{94A20FAC-BADA-418C-AD9D-CC47E780D84C}.Debug|x86.ActiveCfg = Debug|x86
		{94A20FAC-BADA-418C-AD9D-CC47E780D84C}.Debug|x86.Build.0 = Debug|x86
		{94A20FAC-BADA-418C-AD9D-CC47E780D84C}.Release|Any CPU.ActiveCfg = Release|Any CPU
		{94A20FAC-BADA-418C-AD9D-CC47E780D84C}.Release|Any CPU.Build.0 = Release|Any CPU
		{94A20FAC-BADA-418C-AD9D-CC47E780D84C}.Release|x64.ActiveCfg = Release|Any CPU
		{94A20FAC-BADA-418C-AD9D-CC47E780D84C}.Release|x86.ActiveCfg = Release|Any CPU
		{95E437A5-4A87-4FAB-B15F-4A0FDE8B7DCF}.Debug|Any CPU.ActiveCfg = Debug|x86
		{95E437A5-4A87-4FAB-B15F-4A0FDE8B7DCF}.Debug|x64.ActiveCfg = Debug|x64
		{95E437A5-4A87-4FAB-B15F-4A0FDE8B7DCF}.Debug|x64.Build.0 = Debug|x64
		{95E437A5-4A87-4FAB-B15F-4A0FDE8B7DCF}.Debug|x86.ActiveCfg = Debug|x86
		{95E437A5-4A87-4FAB-B15F-4A0FDE8B7DCF}.Debug|x86.Build.0 = Debug|x86
		{95E437A5-4A87-4FAB-B15F-4A0FDE8B7DCF}.Release|Any CPU.ActiveCfg = Release|x86
		{95E437A5-4A87-4FAB-B15F-4A0FDE8B7DCF}.Release|x64.ActiveCfg = Release|x64
		{95E437A5-4A87-4FAB-B15F-4A0FDE8B7DCF}.Release|x64.Build.0 = Release|x64
		{95E437A5-4A87-4FAB-B15F-4A0FDE8B7DCF}.Release|x86.ActiveCfg = Release|x86
		{95E437A5-4A87-4FAB-B15F-4A0FDE8B7DCF}.Release|x86.Build.0 = Release|x86
		{986A7450-D1DE-44CE-BA9A-584224DF925C}.Debug|Any CPU.ActiveCfg = Debug|x86
		{986A7450-D1DE-44CE-BA9A-584224DF925C}.Debug|x64.ActiveCfg = Debug|x64
		{986A7450-D1DE-44CE-BA9A-584224DF925C}.Debug|x64.Build.0 = Debug|x64
		{986A7450-D1DE-44CE-BA9A-584224DF925C}.Debug|x86.ActiveCfg = Debug|x86
		{986A7450-D1DE-44CE-BA9A-584224DF925C}.Debug|x86.Build.0 = Debug|x86
		{986A7450-D1DE-44CE-BA9A-584224DF925C}.Release|Any CPU.ActiveCfg = Release|x86
		{986A7450-D1DE-44CE-BA9A-584224DF925C}.Release|x64.ActiveCfg = Release|x64
		{986A7450-D1DE-44CE-BA9A-584224DF925C}.Release|x64.Build.0 = Release|x64
		{986A7450-D1DE-44CE-BA9A-584224DF925C}.Release|x86.ActiveCfg = Release|x86
		{986A7450-D1DE-44CE-BA9A-584224DF925C}.Release|x86.Build.0 = Release|x86
		{29738416-CC50-4AD2-9353-B03FBEECDAF8}.Debug|Any CPU.ActiveCfg = Debug|x86
		{29738416-CC50-4AD2-9353-B03FBEECDAF8}.Debug|x64.ActiveCfg = Debug|x64
		{29738416-CC50-4AD2-9353-B03FBEECDAF8}.Debug|x64.Build.0 = Debug|x64
		{29738416-CC50-4AD2-9353-B03FBEECDAF8}.Debug|x86.ActiveCfg = Debug|x86
		{29738416-CC50-4AD2-9353-B03FBEECDAF8}.Debug|x86.Build.0 = Debug|x86
		{29738416-CC50-4AD2-9353-B03FBEECDAF8}.Release|Any CPU.ActiveCfg = Release|x86
		{29738416-CC50-4AD2-9353-B03FBEECDAF8}.Release|x64.ActiveCfg = Release|x64
		{29738416-CC50-4AD2-9353-B03FBEECDAF8}.Release|x64.Build.0 = Release|x64
		{29738416-CC50-4AD2-9353-B03FBEECDAF8}.Release|x86.ActiveCfg = Release|x86
		{29738416-CC50-4AD2-9353-B03FBEECDAF8}.Release|x86.Build.0 = Release|x86
		{68AB7706-A97F-4BF8-8D1F-26D69A6BFA0E}.Debug|Any CPU.ActiveCfg = Debug|x86
		{68AB7706-A97F-4BF8-8D1F-26D69A6BFA0E}.Debug|x64.ActiveCfg = Debug|x64
		{68AB7706-A97F-4BF8-8D1F-26D69A6BFA0E}.Debug|x64.Build.0 = Debug|x64
		{68AB7706-A97F-4BF8-8D1F-26D69A6BFA0E}.Debug|x86.ActiveCfg = Debug|x86
		{68AB7706-A97F-4BF8-8D1F-26D69A6BFA0E}.Debug|x86.Build.0 = Debug|x86
		{68AB7706-A97F-4BF8-8D1F-26D69A6BFA0E}.Release|Any CPU.ActiveCfg = Release|x86
		{68AB7706-A97F-4BF8-8D1F-26D69A6BFA0E}.Release|x64.ActiveCfg = Release|x64
		{68AB7706-A97F-4BF8-8D1F-26D69A6BFA0E}.Release|x64.Build.0 = Release|x64
		{68AB7706-A97F-4BF8-8D1F-26D69A6BFA0E}.Release|x86.ActiveCfg = Release|x86
		{68AB7706-A97F-4BF8-8D1F-26D69A6BFA0E}.Release|x86.Build.0 = Release|x86
	EndGlobalSection
	GlobalSection(SolutionProperties) = preSolution
		HideSolutionNode = FALSE
	EndGlobalSection
	GlobalSection(NestedProjects) = preSolution
		{95E437A5-4A87-4FAB-B15F-4A0FDE8B7DCF} = {60553148-E3F9-49E8-A5F2-C05D8B0C688A}
		{986A7450-D1DE-44CE-BA9A-584224DF925C} = {60553148-E3F9-49E8-A5F2-C05D8B0C688A}
		{29738416-CC50-4AD2-9353-B03FBEECDAF8} = {60553148-E3F9-49E8-A5F2-C05D8B0C688A}
		{68AB7706-A97F-4BF8-8D1F-26D69A6BFA0E} = {60553148-E3F9-49E8-A5F2-C05D8B0C688A}
		{94A20FAC-BADA-418C-AD9D-CC47E780D84C} = {58338AB1-7210-4F73-A48F-131CF3C4EE3E}
		{ECC76D6D-1BD0-4E7F-85F1-E7E69FB17F38} = {58338AB1-7210-4F73-A48F-131CF3C4EE3E}
	EndGlobalSection
EndGlobal
