Microsoft Visual Studio Solution File, Format Version 12.00
# Visual Studio Express 2012 for Windows Desktop
Project("{2150E333-8FDC-42A3-9474-1A3956D46DE8}") = "openglGL2D", "openglGL2D", "{03EBFBF6-060F-4D7D-B47C-62A692976450}"
EndProject
Project("{2150E333-8FDC-42A3-9474-1A3956D46DE8}") = "openglGL3D", "openglGL3D", "{5E668681-2129-4302-9E85-6E9006926A80}"
EndProject
Project("{FAE04EC0-301F-11D3-BF4B-00C04F79EFBC}") = "IGK.DrSStudio.ICore", "D:\DRSStudio 8.4 Src\Src\core\IGK.DrSStudio.ICore\IGK.DrSStudio.ICore.csproj", "{95E437A5-4A87-4FAB-B15F-4A0FDE8B7DCF}"
EndProject
Project("{FAE04EC0-301F-11D3-BF4B-00C04F79EFBC}") = "IGK.DrSStudio.WinCore", "D:\DRSStudio 8.4 Src\Src\core\IGK.DrSStudio.WinCore\IGK.DrSStudio.WinCore.csproj", "{652DFC84-8661-4398-9EF8-3A273C5AA0E1}"
	ProjectSection(ProjectDependencies) = postProject
		{95E437A5-4A87-4FAB-B15F-4A0FDE8B7DCF} = {95E437A5-4A87-4FAB-B15F-4A0FDE8B7DCF}
	EndProjectSection
EndProject
Project("{FAE04EC0-301F-11D3-BF4B-00C04F79EFBC}") = "IGK.DrSStudio.Resources", "D:\DRSStudio 8.4 Src\Src\core\IGK.DrSStudio.Resources\IGK.DrSStudio.Resources.csproj", "{B853567A-D430-4937-84EA-2694A227F258}"
EndProject
Project("{FAE04EC0-301F-11D3-BF4B-00C04F79EFBC}") = "IGK.DrSStudio.Drawing2D", "D:\DRSStudio 8.4 Src\Src\core\IGK.DrSStudio.Drawing2D\IGK.DrSStudio.Drawing2D.csproj", "{147A4065-EF03-46B4-AB04-D1CC252E974E}"
	ProjectSection(ProjectDependencies) = postProject
		{95E437A5-4A87-4FAB-B15F-4A0FDE8B7DCF} = {95E437A5-4A87-4FAB-B15F-4A0FDE8B7DCF}
	EndProjectSection
EndProject
Project("{FAE04EC0-301F-11D3-BF4B-00C04F79EFBC}") = "IGK.DrSStudio.WinGUI", "D:\DRSStudio 8.4 Src\Src\core\IGK.DrSStudio.WinGUI\IGK.DrSStudio.WinGUI.csproj", "{E7DF70FC-235F-47D3-AF70-ABCFE2C7AAE4}"
	ProjectSection(ProjectDependencies) = postProject
		{95E437A5-4A87-4FAB-B15F-4A0FDE8B7DCF} = {95E437A5-4A87-4FAB-B15F-4A0FDE8B7DCF}
	EndProjectSection
EndProject
Project("{FAE04EC0-301F-11D3-BF4B-00C04F79EFBC}") = "IGK.OGLGame.WinUI", "D:\DRSStudio 8.4 Src\Src\addins\drawing3D\OpenGL\IGK.OGLGame.WinUI\IGK.OGLGame.WinUI.csproj", "{E1EE65E5-3EE7-414B-B02A-227DB39ADFF6}"
EndProject
Project("{FAE04EC0-301F-11D3-BF4B-00C04F79EFBC}") = "IGK.GLLib", "D:\DRSStudio 8.4 Src\Src\addins\drawing3D\OpenGL\IGK.GLLib4.1\IGK.GLLib.csproj", "{ADB81747-5B27-4BC3-BDDF-B5492D3568F6}"
EndProject
Project("{FAE04EC0-301F-11D3-BF4B-00C04F79EFBC}") = "IGK.GLLibUnix", "D:\DRSStudio 8.4 Src\Src\addins\drawing3D\OpenGL\IGK.GLLib4.1\IGK.GLLibUnix.csproj", "{7C54DDB1-2490-421A-8D58-B985EA98E63A}"
EndProject
Project("{FAE04EC0-301F-11D3-BF4B-00C04F79EFBC}") = "IGK.OGLGame", "D:\DRSStudio 8.4 Src\Src\addins\drawing3D\OpenGL\IGK.OGLGame\IGK.OGLGame.csproj", "{C8C92FC2-FCEA-4462-9D97-2F75D392C3F4}"
EndProject
Project("{FAE04EC0-301F-11D3-BF4B-00C04F79EFBC}") = "IGK.DrSStudio.Drawing3D.FileBrowserAddIn", "D:\DRSStudio 8.4 Src\Src\addins\drawing3D\OpenGL\IGK.DrSStudio.Drawing3D.FileBrowserAddIn\IGK.DrSStudio.Drawing3D.FileBrowserAddIn.csproj", "{57F2BCA5-67D7-4836-A7D8-43869282E1C8}"
EndProject
Project("{FAE04EC0-301F-11D3-BF4B-00C04F79EFBC}") = "IGK.DrSStudio.WinLauncher", "D:\DRSStudio 8.4 Src\Src\main\IGK.DrSStudio.WinLauncher\IGK.DrSStudio.WinLauncher.csproj", "{873B2A28-3763-4A27-B908-F025C38C9068}"
EndProject
Project("{FAE04EC0-301F-11D3-BF4B-00C04F79EFBC}") = "IGK.DrSStudio.OGLBitmapEditor", "OpenGL\IGK.DrSStudio.OGLBitmapEditor\IGK.DrSStudio.OGLBitmapEditor.csproj", "{2DF49525-42E7-4B3B-96E7-D9FBE1694199}"
EndProject
Project("{FAE04EC0-301F-11D3-BF4B-00C04F79EFBC}") = "IGK.DrSStudio.GLPictureEditorAddIn", "OpenGL\IGK.DrSStudio.GLPictureEditorAddIn\IGK.DrSStudio.GLPictureEditorAddIn.csproj", "{D2E4EEA0-B5D9-4F92-ADA5-61861BC4FF1D}"
EndProject
Project("{FAE04EC0-301F-11D3-BF4B-00C04F79EFBC}") = "IGK.DrSStudio.WinUI.LayoutDocking", "..\..\main\IGK.DrSStudio.LayoutDocking\IGK.DrSStudio.WinUI.LayoutDocking.csproj", "{02CF39E9-E988-4C12-BA78-F2633FA153A7}"
EndProject
Project("{FAE04EC0-301F-11D3-BF4B-00C04F79EFBC}") = "IGK.DrSStudio.Drawing3D.OpenGLAddIn", "OpenGL\IGK.DrSStudio.Drawing3D.OpenGLAddIn\IGK.DrSStudio.Drawing3D.OpenGLAddIn.csproj", "{B3C51A62-D216-4A33-AA51-81B56084702F}"
EndProject
Global
	GlobalSection(SolutionConfigurationPlatforms) = preSolution
		Debug|Any CPU = Debug|Any CPU
		Debug|x64 = Debug|x64
		Debug|x86 = Debug|x86
		Release|Any CPU = Release|Any CPU
		Release|x64 = Release|x64
		Release|x86 = Release|x86
	EndGlobalSection
	GlobalSection(ProjectConfigurationPlatforms) = postSolution
		{95E437A5-4A87-4FAB-B15F-4A0FDE8B7DCF}.Debug|Any CPU.ActiveCfg = Debug|Any CPU
		{95E437A5-4A87-4FAB-B15F-4A0FDE8B7DCF}.Debug|Any CPU.Build.0 = Debug|Any CPU
		{95E437A5-4A87-4FAB-B15F-4A0FDE8B7DCF}.Debug|x64.ActiveCfg = Debug|Any CPU
		{95E437A5-4A87-4FAB-B15F-4A0FDE8B7DCF}.Debug|x86.ActiveCfg = Debug|x86
		{95E437A5-4A87-4FAB-B15F-4A0FDE8B7DCF}.Debug|x86.Build.0 = Debug|x86
		{95E437A5-4A87-4FAB-B15F-4A0FDE8B7DCF}.Release|Any CPU.ActiveCfg = Release|Any CPU
		{95E437A5-4A87-4FAB-B15F-4A0FDE8B7DCF}.Release|Any CPU.Build.0 = Release|Any CPU
		{95E437A5-4A87-4FAB-B15F-4A0FDE8B7DCF}.Release|x64.ActiveCfg = Release|Any CPU
		{95E437A5-4A87-4FAB-B15F-4A0FDE8B7DCF}.Release|x86.ActiveCfg = Release|x86
		{95E437A5-4A87-4FAB-B15F-4A0FDE8B7DCF}.Release|x86.Build.0 = Release|x86
		{652DFC84-8661-4398-9EF8-3A273C5AA0E1}.Debug|Any CPU.ActiveCfg = Debug|Any CPU
		{652DFC84-8661-4398-9EF8-3A273C5AA0E1}.Debug|Any CPU.Build.0 = Debug|Any CPU
		{652DFC84-8661-4398-9EF8-3A273C5AA0E1}.Debug|x64.ActiveCfg = Debug|Any CPU
		{652DFC84-8661-4398-9EF8-3A273C5AA0E1}.Debug|x86.ActiveCfg = Debug|x86
		{652DFC84-8661-4398-9EF8-3A273C5AA0E1}.Debug|x86.Build.0 = Debug|x86
		{652DFC84-8661-4398-9EF8-3A273C5AA0E1}.Release|Any CPU.ActiveCfg = Release|Any CPU
		{652DFC84-8661-4398-9EF8-3A273C5AA0E1}.Release|Any CPU.Build.0 = Release|Any CPU
		{652DFC84-8661-4398-9EF8-3A273C5AA0E1}.Release|x64.ActiveCfg = Release|Any CPU
		{652DFC84-8661-4398-9EF8-3A273C5AA0E1}.Release|x86.ActiveCfg = Release|x86
		{652DFC84-8661-4398-9EF8-3A273C5AA0E1}.Release|x86.Build.0 = Release|x86
		{B853567A-D430-4937-84EA-2694A227F258}.Debug|Any CPU.ActiveCfg = Debug|Any CPU
		{B853567A-D430-4937-84EA-2694A227F258}.Debug|Any CPU.Build.0 = Debug|Any CPU
		{B853567A-D430-4937-84EA-2694A227F258}.Debug|x64.ActiveCfg = Debug|Any CPU
		{B853567A-D430-4937-84EA-2694A227F258}.Debug|x86.ActiveCfg = Debug|x86
		{B853567A-D430-4937-84EA-2694A227F258}.Debug|x86.Build.0 = Debug|x86
		{B853567A-D430-4937-84EA-2694A227F258}.Release|Any CPU.ActiveCfg = Release|Any CPU
		{B853567A-D430-4937-84EA-2694A227F258}.Release|Any CPU.Build.0 = Release|Any CPU
		{B853567A-D430-4937-84EA-2694A227F258}.Release|x64.ActiveCfg = Release|Any CPU
		{B853567A-D430-4937-84EA-2694A227F258}.Release|x86.ActiveCfg = Release|x86
		{B853567A-D430-4937-84EA-2694A227F258}.Release|x86.Build.0 = Release|x86
		{147A4065-EF03-46B4-AB04-D1CC252E974E}.Debug|Any CPU.ActiveCfg = Debug|Any CPU
		{147A4065-EF03-46B4-AB04-D1CC252E974E}.Debug|Any CPU.Build.0 = Debug|Any CPU
		{147A4065-EF03-46B4-AB04-D1CC252E974E}.Debug|x64.ActiveCfg = Debug|Any CPU
		{147A4065-EF03-46B4-AB04-D1CC252E974E}.Debug|x86.ActiveCfg = Debug|x86
		{147A4065-EF03-46B4-AB04-D1CC252E974E}.Debug|x86.Build.0 = Debug|x86
		{147A4065-EF03-46B4-AB04-D1CC252E974E}.Release|Any CPU.ActiveCfg = Release|Any CPU
		{147A4065-EF03-46B4-AB04-D1CC252E974E}.Release|Any CPU.Build.0 = Release|Any CPU
		{147A4065-EF03-46B4-AB04-D1CC252E974E}.Release|x64.ActiveCfg = Release|Any CPU
		{147A4065-EF03-46B4-AB04-D1CC252E974E}.Release|x86.ActiveCfg = Release|x86
		{147A4065-EF03-46B4-AB04-D1CC252E974E}.Release|x86.Build.0 = Release|x86
		{E7DF70FC-235F-47D3-AF70-ABCFE2C7AAE4}.Debug|Any CPU.ActiveCfg = Debug|Any CPU
		{E7DF70FC-235F-47D3-AF70-ABCFE2C7AAE4}.Debug|Any CPU.Build.0 = Debug|Any CPU
		{E7DF70FC-235F-47D3-AF70-ABCFE2C7AAE4}.Debug|x64.ActiveCfg = Debug|Any CPU
		{E7DF70FC-235F-47D3-AF70-ABCFE2C7AAE4}.Debug|x86.ActiveCfg = Debug|x86
		{E7DF70FC-235F-47D3-AF70-ABCFE2C7AAE4}.Debug|x86.Build.0 = Debug|x86
		{E7DF70FC-235F-47D3-AF70-ABCFE2C7AAE4}.Release|Any CPU.ActiveCfg = Release|Any CPU
		{E7DF70FC-235F-47D3-AF70-ABCFE2C7AAE4}.Release|Any CPU.Build.0 = Release|Any CPU
		{E7DF70FC-235F-47D3-AF70-ABCFE2C7AAE4}.Release|x64.ActiveCfg = Release|Any CPU
		{E7DF70FC-235F-47D3-AF70-ABCFE2C7AAE4}.Release|x86.ActiveCfg = Release|x86
		{E7DF70FC-235F-47D3-AF70-ABCFE2C7AAE4}.Release|x86.Build.0 = Release|x86
		{E1EE65E5-3EE7-414B-B02A-227DB39ADFF6}.Debug|Any CPU.ActiveCfg = Debug|Any CPU
		{E1EE65E5-3EE7-414B-B02A-227DB39ADFF6}.Debug|Any CPU.Build.0 = Debug|Any CPU
		{E1EE65E5-3EE7-414B-B02A-227DB39ADFF6}.Debug|x64.ActiveCfg = Debug|Any CPU
		{E1EE65E5-3EE7-414B-B02A-227DB39ADFF6}.Debug|x86.ActiveCfg = Debug|x86
		{E1EE65E5-3EE7-414B-B02A-227DB39ADFF6}.Debug|x86.Build.0 = Debug|x86
		{E1EE65E5-3EE7-414B-B02A-227DB39ADFF6}.Release|Any CPU.ActiveCfg = Release|Any CPU
		{E1EE65E5-3EE7-414B-B02A-227DB39ADFF6}.Release|Any CPU.Build.0 = Release|Any CPU
		{E1EE65E5-3EE7-414B-B02A-227DB39ADFF6}.Release|x64.ActiveCfg = Release|Any CPU
		{E1EE65E5-3EE7-414B-B02A-227DB39ADFF6}.Release|x86.ActiveCfg = Release|x86
		{E1EE65E5-3EE7-414B-B02A-227DB39ADFF6}.Release|x86.Build.0 = Release|x86
		{ADB81747-5B27-4BC3-BDDF-B5492D3568F6}.Debug|Any CPU.ActiveCfg = Debug|Any CPU
		{ADB81747-5B27-4BC3-BDDF-B5492D3568F6}.Debug|Any CPU.Build.0 = Debug|Any CPU
		{ADB81747-5B27-4BC3-BDDF-B5492D3568F6}.Debug|x64.ActiveCfg = Debug|x64
		{ADB81747-5B27-4BC3-BDDF-B5492D3568F6}.Debug|x64.Build.0 = Debug|x64
		{ADB81747-5B27-4BC3-BDDF-B5492D3568F6}.Debug|x86.ActiveCfg = Debug|x86
		{ADB81747-5B27-4BC3-BDDF-B5492D3568F6}.Debug|x86.Build.0 = Debug|x86
		{ADB81747-5B27-4BC3-BDDF-B5492D3568F6}.Release|Any CPU.ActiveCfg = Release|Any CPU
		{ADB81747-5B27-4BC3-BDDF-B5492D3568F6}.Release|Any CPU.Build.0 = Release|Any CPU
		{ADB81747-5B27-4BC3-BDDF-B5492D3568F6}.Release|x64.ActiveCfg = Release|x64
		{ADB81747-5B27-4BC3-BDDF-B5492D3568F6}.Release|x64.Build.0 = Release|x64
		{ADB81747-5B27-4BC3-BDDF-B5492D3568F6}.Release|x86.ActiveCfg = Release|x86
		{ADB81747-5B27-4BC3-BDDF-B5492D3568F6}.Release|x86.Build.0 = Release|x86
		{7C54DDB1-2490-421A-8D58-B985EA98E63A}.Debug|Any CPU.ActiveCfg = Debug|Any CPU
		{7C54DDB1-2490-421A-8D58-B985EA98E63A}.Debug|Any CPU.Build.0 = Debug|Any CPU
		{7C54DDB1-2490-421A-8D58-B985EA98E63A}.Debug|x64.ActiveCfg = Debug|Any CPU
		{7C54DDB1-2490-421A-8D58-B985EA98E63A}.Debug|x86.ActiveCfg = Debug|Any CPU
		{7C54DDB1-2490-421A-8D58-B985EA98E63A}.Release|Any CPU.ActiveCfg = Release|Any CPU
		{7C54DDB1-2490-421A-8D58-B985EA98E63A}.Release|Any CPU.Build.0 = Release|Any CPU
		{7C54DDB1-2490-421A-8D58-B985EA98E63A}.Release|x64.ActiveCfg = Release|Any CPU
		{7C54DDB1-2490-421A-8D58-B985EA98E63A}.Release|x86.ActiveCfg = Release|Any CPU
		{C8C92FC2-FCEA-4462-9D97-2F75D392C3F4}.Debug|Any CPU.ActiveCfg = Debug|Any CPU
		{C8C92FC2-FCEA-4462-9D97-2F75D392C3F4}.Debug|Any CPU.Build.0 = Debug|Any CPU
		{C8C92FC2-FCEA-4462-9D97-2F75D392C3F4}.Debug|x64.ActiveCfg = Debug|Any CPU
		{C8C92FC2-FCEA-4462-9D97-2F75D392C3F4}.Debug|x86.ActiveCfg = Debug|x86
		{C8C92FC2-FCEA-4462-9D97-2F75D392C3F4}.Debug|x86.Build.0 = Debug|x86
		{C8C92FC2-FCEA-4462-9D97-2F75D392C3F4}.Release|Any CPU.ActiveCfg = Release|Any CPU
		{C8C92FC2-FCEA-4462-9D97-2F75D392C3F4}.Release|Any CPU.Build.0 = Release|Any CPU
		{C8C92FC2-FCEA-4462-9D97-2F75D392C3F4}.Release|x64.ActiveCfg = Release|Any CPU
		{C8C92FC2-FCEA-4462-9D97-2F75D392C3F4}.Release|x86.ActiveCfg = Release|x86
		{C8C92FC2-FCEA-4462-9D97-2F75D392C3F4}.Release|x86.Build.0 = Release|x86
		{57F2BCA5-67D7-4836-A7D8-43869282E1C8}.Debug|Any CPU.ActiveCfg = Debug|Any CPU
		{57F2BCA5-67D7-4836-A7D8-43869282E1C8}.Debug|Any CPU.Build.0 = Debug|Any CPU
		{57F2BCA5-67D7-4836-A7D8-43869282E1C8}.Debug|x64.ActiveCfg = Debug|Any CPU
		{57F2BCA5-67D7-4836-A7D8-43869282E1C8}.Debug|x86.ActiveCfg = Debug|x86
		{57F2BCA5-67D7-4836-A7D8-43869282E1C8}.Debug|x86.Build.0 = Debug|x86
		{57F2BCA5-67D7-4836-A7D8-43869282E1C8}.Release|Any CPU.ActiveCfg = Release|Any CPU
		{57F2BCA5-67D7-4836-A7D8-43869282E1C8}.Release|Any CPU.Build.0 = Release|Any CPU
		{57F2BCA5-67D7-4836-A7D8-43869282E1C8}.Release|x64.ActiveCfg = Release|Any CPU
		{57F2BCA5-67D7-4836-A7D8-43869282E1C8}.Release|x86.ActiveCfg = Release|x86
		{57F2BCA5-67D7-4836-A7D8-43869282E1C8}.Release|x86.Build.0 = Release|x86
		{873B2A28-3763-4A27-B908-F025C38C9068}.Debug|Any CPU.ActiveCfg = Debug|Any CPU
		{873B2A28-3763-4A27-B908-F025C38C9068}.Debug|Any CPU.Build.0 = Debug|Any CPU
		{873B2A28-3763-4A27-B908-F025C38C9068}.Debug|x64.ActiveCfg = Debug|Any CPU
		{873B2A28-3763-4A27-B908-F025C38C9068}.Debug|x86.ActiveCfg = Debug|x86
		{873B2A28-3763-4A27-B908-F025C38C9068}.Debug|x86.Build.0 = Debug|x86
		{873B2A28-3763-4A27-B908-F025C38C9068}.Release|Any CPU.ActiveCfg = Release|Any CPU
		{873B2A28-3763-4A27-B908-F025C38C9068}.Release|Any CPU.Build.0 = Release|Any CPU
		{873B2A28-3763-4A27-B908-F025C38C9068}.Release|x64.ActiveCfg = Release|Any CPU
		{873B2A28-3763-4A27-B908-F025C38C9068}.Release|x86.ActiveCfg = Release|x86
		{873B2A28-3763-4A27-B908-F025C38C9068}.Release|x86.Build.0 = Release|x86
		{2DF49525-42E7-4B3B-96E7-D9FBE1694199}.Debug|Any CPU.ActiveCfg = Debug|Any CPU
		{2DF49525-42E7-4B3B-96E7-D9FBE1694199}.Debug|Any CPU.Build.0 = Debug|Any CPU
		{2DF49525-42E7-4B3B-96E7-D9FBE1694199}.Debug|x64.ActiveCfg = Debug|Any CPU
		{2DF49525-42E7-4B3B-96E7-D9FBE1694199}.Debug|x86.ActiveCfg = Debug|x86
		{2DF49525-42E7-4B3B-96E7-D9FBE1694199}.Debug|x86.Build.0 = Debug|x86
		{2DF49525-42E7-4B3B-96E7-D9FBE1694199}.Release|Any CPU.ActiveCfg = Release|Any CPU
		{2DF49525-42E7-4B3B-96E7-D9FBE1694199}.Release|Any CPU.Build.0 = Release|Any CPU
		{2DF49525-42E7-4B3B-96E7-D9FBE1694199}.Release|x64.ActiveCfg = Release|Any CPU
		{2DF49525-42E7-4B3B-96E7-D9FBE1694199}.Release|x86.ActiveCfg = Release|x86
		{2DF49525-42E7-4B3B-96E7-D9FBE1694199}.Release|x86.Build.0 = Release|x86
		{D2E4EEA0-B5D9-4F92-ADA5-61861BC4FF1D}.Debug|Any CPU.ActiveCfg = Debug|Any CPU
		{D2E4EEA0-B5D9-4F92-ADA5-61861BC4FF1D}.Debug|Any CPU.Build.0 = Debug|Any CPU
		{D2E4EEA0-B5D9-4F92-ADA5-61861BC4FF1D}.Debug|x64.ActiveCfg = Debug|Any CPU
		{D2E4EEA0-B5D9-4F92-ADA5-61861BC4FF1D}.Debug|x86.ActiveCfg = Debug|x86
		{D2E4EEA0-B5D9-4F92-ADA5-61861BC4FF1D}.Debug|x86.Build.0 = Debug|x86
		{D2E4EEA0-B5D9-4F92-ADA5-61861BC4FF1D}.Release|Any CPU.ActiveCfg = Release|Any CPU
		{D2E4EEA0-B5D9-4F92-ADA5-61861BC4FF1D}.Release|Any CPU.Build.0 = Release|Any CPU
		{D2E4EEA0-B5D9-4F92-ADA5-61861BC4FF1D}.Release|x64.ActiveCfg = Release|Any CPU
		{D2E4EEA0-B5D9-4F92-ADA5-61861BC4FF1D}.Release|x86.ActiveCfg = Release|x86
		{D2E4EEA0-B5D9-4F92-ADA5-61861BC4FF1D}.Release|x86.Build.0 = Release|x86
		{02CF39E9-E988-4C12-BA78-F2633FA153A7}.Debug|Any CPU.ActiveCfg = Debug|Any CPU
		{02CF39E9-E988-4C12-BA78-F2633FA153A7}.Debug|Any CPU.Build.0 = Debug|Any CPU
		{02CF39E9-E988-4C12-BA78-F2633FA153A7}.Debug|x64.ActiveCfg = Debug|Any CPU
		{02CF39E9-E988-4C12-BA78-F2633FA153A7}.Debug|x86.ActiveCfg = Debug|x86
		{02CF39E9-E988-4C12-BA78-F2633FA153A7}.Debug|x86.Build.0 = Debug|x86
		{02CF39E9-E988-4C12-BA78-F2633FA153A7}.Release|Any CPU.ActiveCfg = Release|Any CPU
		{02CF39E9-E988-4C12-BA78-F2633FA153A7}.Release|Any CPU.Build.0 = Release|Any CPU
		{02CF39E9-E988-4C12-BA78-F2633FA153A7}.Release|x64.ActiveCfg = Release|Any CPU
		{02CF39E9-E988-4C12-BA78-F2633FA153A7}.Release|x86.ActiveCfg = Release|x86
		{02CF39E9-E988-4C12-BA78-F2633FA153A7}.Release|x86.Build.0 = Release|x86
		{B3C51A62-D216-4A33-AA51-81B56084702F}.Debug|Any CPU.ActiveCfg = Debug|Any CPU
		{B3C51A62-D216-4A33-AA51-81B56084702F}.Debug|Any CPU.Build.0 = Debug|Any CPU
		{B3C51A62-D216-4A33-AA51-81B56084702F}.Debug|x64.ActiveCfg = Debug|Any CPU
		{B3C51A62-D216-4A33-AA51-81B56084702F}.Debug|x86.ActiveCfg = Debug|x86
		{B3C51A62-D216-4A33-AA51-81B56084702F}.Debug|x86.Build.0 = Debug|x86
		{B3C51A62-D216-4A33-AA51-81B56084702F}.Release|Any CPU.ActiveCfg = Release|Any CPU
		{B3C51A62-D216-4A33-AA51-81B56084702F}.Release|Any CPU.Build.0 = Release|Any CPU
		{B3C51A62-D216-4A33-AA51-81B56084702F}.Release|x64.ActiveCfg = Release|Any CPU
		{B3C51A62-D216-4A33-AA51-81B56084702F}.Release|x86.ActiveCfg = Release|x86
		{B3C51A62-D216-4A33-AA51-81B56084702F}.Release|x86.Build.0 = Release|x86
	EndGlobalSection
	GlobalSection(SolutionProperties) = preSolution
		HideSolutionNode = FALSE
	EndGlobalSection
EndGlobal
